# This file is @generated by PDM.
# It is not intended for manual editing.

[metadata]
groups = ["default"]
strategy = ["inherit_metadata"]
lock_version = "4.5.0"
content_hash = "sha256:f2f7bf748de3e34746fb0d7777b05cb7446bde56d690592d08c40294600bc9e7"

[[metadata.targets]]
requires_python = ">=3.11"

[[package]]
name = "hid"
version = "1.0.6"
summary = "ctypes bindings for hidapi"
groups = ["default"]
files = [
    {file = "hid-1.0.6-py3-none-any.whl", hash = "sha256:60446054aec54a767d9a4e97920761f41809a055c6d51c54879e37a706dcb588"},
    {file = "hid-1.0.6.tar.gz", hash = "sha256:48d764d7ae9746ba123b96dbf457893ca80268b7791c4b1d2e051310eeb83860"},
]
